// !$*UTF8*$!
{
	archiveVersion = 1;
	classes = {
	};
	objectVersion = 56;
	objects = {

/* Begin PBXBuildFile section */
		12F643992A96191B00B0A40E /* MyBluetoothTestApp.swift in Sources */ = {isa = PBXBuildFile; fileRef = 12F643982A96191B00B0A40E /* MyBluetoothTestApp.swift */; };
		12F6439B2A96191B00B0A40E /* ContentView.swift in Sources */ = {isa = PBXBuildFile; fileRef = 12F6439A2A96191B00B0A40E /* ContentView.swift */; };
		12F6439D2A96191D00B0A40E /* Assets.xcassets in Resources */ = {isa = PBXBuildFile; fileRef = 12F6439C2A96191D00B0A40E /* Assets.xcassets */; };
		12F643A02A96191D00B0A40E /* Preview Assets.xcassets in Resources */ = {isa = PBXBuildFile; fileRef = 12F6439F2A96191D00B0A40E /* Preview Assets.xcassets */; };
		12F643A82A96196A00B0A40E /* BlueCentralManager.swift in Sources */ = {isa = PBXBuildFile; fileRef = 12F643A72A96196A00B0A40E /* BlueCentralManager.swift */; };
		12F643AB2A97211200B0A40E /* BluePeripheralManager.swift in Sources */ = {isa = PBXBuildFile; fileRef = 12F643AA2A97211200B0A40E /* BluePeripheralManager.swift */; };
/* End PBXBuildFile section */

/* Begin PBXFileReference section */
		12F643952A96191B00B0A40E /* MyBluetoothTest.app */ = {isa = PBXFileReference; explicitFileType = wrapper.application; includeInIndex = 0; path = MyBluetoothTest.app; sourceTree = BUILT_PRODUCTS_DIR; };
		12F643982A96191B00B0A40E /* MyBluetoothTestApp.swift */ = {isa = PBXFileReference; lastKnownFileType = sourcecode.swift; path = MyBluetoothTestApp.swift; sourceTree = "<group>"; };
		12F6439A2A96191B00B0A40E /* ContentView.swift */ = {isa = PBXFileReference; lastKnownFileType = sourcecode.swift; path = ContentView.swift; sourceTree = "<group>"; };
		12F6439C2A96191D00B0A40E /* Assets.xcassets */ = {isa = PBXFileReference; lastKnownFileType = folder.assetcatalog; path = Assets.xcassets; sourceTree = "<group>"; };
		12F6439F2A96191D00B0A40E /* Preview Assets.xcassets */ = {isa = PBXFileReference; lastKnownFileType = folder.assetcatalog; path = "Preview Assets.xcassets"; sourceTree = "<group>"; };
		12F643A72A96196A00B0A40E /* BlueCentralManager.swift */ = {isa = PBXFileReference; lastKnownFileType = sourcecode.swift; path = BlueCentralManager.swift; sourceTree = "<group>"; };
		12F643A92A9619A100B0A40E /* Info.plist */ = {isa = PBXFileReference; lastKnownFileType = text.plist; path = Info.plist; sourceTree = "<group>"; };
		12F643AA2A97211200B0A40E /* BluePeripheralManager.swift */ = {isa = PBXFileReference; lastKnownFileType = sourcecode.swift; path = BluePeripheralManager.swift; sourceTree = "<group>"; };
/* End PBXFileReference section */

/* Begin PBXFrameworksBuildPhase section */
		12F643922A96191B00B0A40E /* Frameworks */ = {
			isa = PBXFrameworksBuildPhase;
			buildActionMask = 2147483647;
			files = (
			);
			runOnlyForDeploymentPostprocessing = 0;
		};
/* End PBXFrameworksBuildPhase section */

/* Begin PBXGroup section */
		12F6438C2A96191B00B0A40E = {
			isa = PBXGroup;
			children = (
				12F643972A96191B00B0A40E /* MyBluetoothTest */,
				12F643962A96191B00B0A40E /* Products */,
			);
			sourceTree = "<group>";
		};
		12F643962A96191B00B0A40E /* Products */ = {
			isa = PBXGroup;
			children = (
				12F643952A96191B00B0A40E /* MyBluetoothTest.app */,
			);
			name = Products;
			sourceTree = "<group>";
		};
		12F643972A96191B00B0A40E /* MyBluetoothTest */ = {
			isa = PBXGroup;
			children = (
				12F643A92A9619A100B0A40E /* Info.plist */,
				12F643982A96191B00B0A40E /* MyBluetoothTestApp.swift */,
				12F6439A2A96191B00B0A40E /* ContentView.swift */,
				12F643A62A96192B00B0A40E /* Bluetooth */,
				12F6439C2A96191D00B0A40E /* Assets.xcassets */,
				12F6439E2A96191D00B0A40E /* Preview Content */,
			);
			path = MyBluetoothTest;
			sourceTree = "<group>";
		};
		12F6439E2A96191D00B0A40E /* Preview Content */ = {
			isa = PBXGroup;
			children = (
				12F6439F2A96191D00B0A40E /* Preview Assets.xcassets */,
			);
			path = "Preview Content";
			sourceTree = "<group>";
		};
		12F643A62A96192B00B0A40E /* Bluetooth */ = {
			isa = PBXGroup;
			children = (
				12F643A72A96196A00B0A40E /* BlueCentralManager.swift */,
				12F643AA2A97211200B0A40E /* BluePeripheralManager.swift */,
			);
			path = Bluetooth;
			sourceTree = "<group>";
		};
/* End PBXGroup section */

/* Begin PBXNativeTarget section */
		12F643942A96191B00B0A40E /* MyBluetoothTest */ = {
			isa = PBXNativeTarget;
			buildConfigurationList = 12F643A32A96191D00B0A40E /* Build configuration list for PBXNativeTarget "MyBluetoothTest" */;
			buildPhases = (
				12F643912A96191B00B0A40E /* Sources */,
				12F643922A96191B00B0A40E /* Frameworks */,
				12F643932A96191B00B0A40E /* Resources */,
			);
			buildRules = (
			);
			dependencies = (
			);
			name = MyBluetoothTest;
			productName = MyBluetoothTest;
			productReference = 12F643952A96191B00B0A40E /* MyBluetoothTest.app */;
			productType = "com.apple.product-type.application";
		};
/* End PBXNativeTarget section */

/* Begin PBXProject section */
		12F6438D2A96191B00B0A40E /* Project object */ = {
			isa = PBXProject;
			attributes = {
				BuildIndependentTargetsInParallel = 1;
				LastSwiftUpdateCheck = 1420;
				LastUpgradeCheck = 1420;
				TargetAttributes = {
					12F643942A96191B00B0A40E = {
						CreatedOnToolsVersion = 14.2;
					};
				};
			};
			buildConfigurationList = 12F643902A96191B00B0A40E /* Build configuration list for PBXProject "MyBluetoothTest" */;
			compatibilityVersion = "Xcode 14.0";
			developmentRegion = en;
			hasScannedForEncodings = 0;
			knownRegions = (
				en,
				Base,
			);
			mainGroup = 12F6438C2A96191B00B0A40E;
			productRefGroup = 12F643962A96191B00B0A40E /* Products */;
			projectDirPath = "";
			projectRoot = "";
			targets = (
				12F643942A96191B00B0A40E /* MyBluetoothTest */,
			);
		};
/* End PBXProject section */

/* Begin PBXResourcesBuildPhase section */
		12F643932A96191B00B0A40E /* Resources */ = {
			isa = PBXResourcesBuildPhase;
			buildActionMask = 2147483647;
			files = (
				12F643A02A96191D00B0A40E /* Preview Assets.xcassets in Resources */,
				12F6439D2A96191D00B0A40E /* Assets.xcassets in Resources */,
			);
			runOnlyForDeploymentPostprocessing = 0;
		};
/* End PBXResourcesBuildPhase section */

/* Begin PBXSourcesBuildPhase section */
		12F643912A96191B00B0A40E /* Sources */ = {
			isa = PBXSourcesBuildPhase;
			buildActionMask = 2147483647;
			files = (
				12F643A82A96196A00B0A40E /* BlueCentralManager.swift in Sources */,
				12F643AB2A97211200B0A40E /* BluePeripheralManager.swift in Sources */,
				12F6439B2A96191B00B0A40E /* ContentView.swift in Sources */,
				12F643992A96191B00B0A40E /* MyBluetoothTestApp.swift in Sources */,
			);
			runOnlyForDeploymentPostprocessing = 0;
		};
/* End PBXSourcesBuildPhase section */

/* Begin XCBuildConfiguration section */
		12F643A12A96191D00B0A40E /* Debug */ = {
			isa = XCBuildConfiguration;
			buildSettings = {
				ALWAYS_SEARCH_USER_PATHS = NO;
				CLANG_ANALYZER_NONNULL = YES;
				CLANG_ANALYZER_NUMBER_OBJECT_CONVERSION = YES_AGGRESSIVE;
				CLANG_CXX_LANGUAGE_STANDARD = "gnu++20";
				CLANG_ENABLE_MODULES = YES;
				CLANG_ENABLE_OBJC_ARC = YES;
				CLANG_ENABLE_OBJC_WEAK = YES;
				CLANG_WARN_BLOCK_CAPTURE_AUTORELEASING = YES;
				CLANG_WARN_BOOL_CONVERSION = YES;
				CLANG_WARN_COMMA = YES;
				CLANG_WARN_CONSTANT_CONVERSION = YES;
				CLANG_WARN_DEPRECATED_OBJC_IMPLEMENTATIONS = YES;
				CLANG_WARN_DIRECT_OBJC_ISA_USAGE = YES_ERROR;
				CLANG_WARN_DOCUMENTATION_COMMENTS = YES;
				CLANG_WARN_EMPTY_BODY = YES;
				CLANG_WARN_ENUM_CONVERSION = YES;
				CLANG_WARN_INFINITE_RECURSION = YES;
				CLANG_WARN_INT_CONVERSION = YES;
				CLANG_WARN_NON_LITERAL_NULL_CONVERSION = YES;
				CLANG_WARN_OBJC_IMPLICIT_RETAIN_SELF = YES;
				CLANG_WARN_OBJC_LITERAL_CONVERSION = YES;
				CLANG_WARN_OBJC_ROOT_CLASS = YES_ERROR;
				CLANG_WARN_QUOTED_INCLUDE_IN_FRAMEWORK_HEADER = YES;
				CLANG_WARN_RANGE_LOOP_ANALYSIS = YES;
				CLANG_WARN_STRICT_PROTOTYPES = YES;
				CLANG_WARN_SUSPICIOUS_MOVE = YES;
				CLANG_WARN_UNGUARDED_AVAILABILITY = YES_AGGRESSIVE;
				CLANG_WARN_UNREACHABLE_CODE = YES;
				CLANG_WARN__DUPLICATE_METHOD_MATCH = YES;
				COPY_PHASE_STRIP = NO;
				DEBUG_INFORMATION_FORMAT = dwarf;
				ENABLE_STRICT_OBJC_MSGSEND = YES;
				ENABLE_TESTABILITY = YES;
				GCC_C_LANGUAGE_STANDARD = gnu11;
				GCC_DYNAMIC_NO_PIC = NO;
				GCC_NO_COMMON_BLOCKS = YES;
				GCC_OPTIMIZATION_LEVEL = 0;
				GCC_PREPROCESSOR_DEFINITIONS = (
					"DEBUG=1",
					"$(inherited)",
				);
				GCC_WARN_64_TO_32_BIT_CONVERSION = YES;
				GCC_WARN_ABOUT_RETURN_TYPE = YES_ERROR;
				GCC_WARN_UNDECLARED_SELECTOR = YES;
				GCC_WARN_UNINITIALIZED_AUTOS = YES_AGGRESSIVE;
				GCC_WARN_UNUSED_FUNCTION = YES;
				GCC_WARN_UNUSED_VARIABLE = YES;
				IPHONEOS_DEPLOYMENT_TARGET = 16.2;
				MTL_ENABLE_DEBUG_INFO = INCLUDE_SOURCE;
				MTL_FAST_MATH = YES;
				ONLY_ACTIVE_ARCH = YES;
				SDKROOT = iphoneos;
				SWIFT_ACTIVE_COMPILATION_CONDITIONS = DEBUG;
				SWIFT_OPTIMIZATION_LEVEL = "-Onone";
			};
			name = Debug;
		};
		12F643A22A96191D00B0A40E /* Release */ = {
			isa = XCBuildConfiguration;
			buildSettings = {
				ALWAYS_SEARCH_USER_PATHS = NO;
				CLANG_ANALYZER_NONNULL = YES;
				CLANG_ANALYZER_NUMBER_OBJECT_CONVERSION = YES_AGGRESSIVE;
				CLANG_CXX_LANGUAGE_STANDARD = "gnu++20";
				CLANG_ENABLE_MODULES = YES;
				CLANG_ENABLE_OBJC_ARC = YES;
				CLANG_ENABLE_OBJC_WEAK = YES;
				CLANG_WARN_BLOCK_CAPTURE_AUTORELEASING = YES;
				CLANG_WARN_BOOL_CONVERSION = YES;
				CLANG_WARN_COMMA = YES;
				CLANG_WARN_CONSTANT_CONVERSION = YES;
				CLANG_WARN_DEPRECATED_OBJC_IMPLEMENTATIONS = YES;
				CLANG_WARN_DIRECT_OBJC_ISA_USAGE = YES_ERROR;
				CLANG_WARN_DOCUMENTATION_COMMENTS = YES;
				CLANG_WARN_EMPTY_BODY = YES;
				CLANG_WARN_ENUM_CONVERSION = YES;
				CLANG_WARN_INFINITE_RECURSION = YES;
				CLANG_WARN_INT_CONVERSION = YES;
				CLANG_WARN_NON_LITERAL_NULL_CONVERSION = YES;
				CLANG_WARN_OBJC_IMPLICIT_RETAIN_SELF = YES;
				CLANG_WARN_OBJC_LITERAL_CONVERSION = YES;
				CLANG_WARN_OBJC_ROOT_CLASS = YES_ERROR;
				CLANG_WARN_QUOTED_INCLUDE_IN_FRAMEWORK_HEADER = YES;
				CLANG_WARN_RANGE_LOOP_ANALYSIS = YES;
				CLANG_WARN_STRICT_PROTOTYPES = YES;
				CLANG_WARN_SUSPICIOUS_MOVE = YES;
				CLANG_WARN_UNGUARDED_AVAILABILITY = YES_AGGRESSIVE;
				CLANG_WARN_UNREACHABLE_CODE = YES;
				CLANG_WARN__DUPLICATE_METHOD_MATCH = YES;
				COPY_PHASE_STRIP = NO;
				DEBUG_INFORMATION_FORMAT = "dwarf-with-dsym";
				ENABLE_NS_ASSERTIONS = NO;
				ENABLE_STRICT_OBJC_MSGSEND = YES;
				GCC_C_LANGUAGE_STANDARD = gnu11;
				GCC_NO_COMMON_BLOCKS = YES;
				GCC_WARN_64_TO_32_BIT_CONVERSION = YES;
				GCC_WARN_ABOUT_RETURN_TYPE = YES_ERROR;
				GCC_WARN_UNDECLARED_SELECTOR = YES;
				GCC_WARN_UNINITIALIZED_AUTOS = YES_AGGRESSIVE;
				GCC_WARN_UNUSED_FUNCTION = YES;
				GCC_WARN_UNUSED_VARIABLE = YES;
				IPHONEOS_DEPLOYMENT_TARGET = 16.2;
				MTL_ENABLE_DEBUG_INFO = NO;
				MTL_FAST_MATH = YES;
				SDKROOT = iphoneos;
				SWIFT_COMPILATION_MODE = wholemodule;
				SWIFT_OPTIMIZATION_LEVEL = "-O";
				VALIDATE_PRODUCT = YES;
			};
			name = Release;
		};
		12F643A42A96191D00B0A40E /* Debug */ = {
			isa = XCBuildConfiguration;
			buildSettings = {
				ASSETCATALOG_COMPILER_APPICON_NAME = AppIcon;
				ASSETCATALOG_COMPILER_GLOBAL_ACCENT_COLOR_NAME = AccentColor;
				CODE_SIGN_STYLE = Automatic;
				CURRENT_PROJECT_VERSION = 1;
				DEVELOPMENT_ASSET_PATHS = "\"MyBluetoothTest/Preview Content\"";
				DEVELOPMENT_TEAM = CGD79LB65H;
				ENABLE_PREVIEWS = YES;
				GENERATE_INFOPLIST_FILE = YES;
				INFOPLIST_FILE = MyBluetoothTest/Info.plist;
				INFOPLIST_KEY_NSBluetoothAlwaysUsageDescription = "アプリ内でBluetooth機能を使用するため";
				INFOPLIST_KEY_UIApplicationSceneManifest_Generation = YES;
				INFOPLIST_KEY_UIApplicationSupportsIndirectInputEvents = YES;
				INFOPLIST_KEY_UILaunchScreen_Generation = YES;
				INFOPLIST_KEY_UISupportedInterfaceOrientations_iPad = "UIInterfaceOrientationPortrait UIInterfaceOrientationPortraitUpsideDown UIInterfaceOrientationLandscapeLeft UIInterfaceOrientationLandscapeRight";
				INFOPLIST_KEY_UISupportedInterfaceOrientations_iPhone = "UIInterfaceOrientationPortrait UIInterfaceOrientationLandscapeLeft UIInterfaceOrientationLandscapeRight";
				LD_RUNPATH_SEARCH_PATHS = (
					"$(inherited)",
					"@executable_path/Frameworks",
				);
				MARKETING_VERSION = 1.0;
				PRODUCT_BUNDLE_IDENTIFIER = com.ame.MyBluetoothTest;
				PRODUCT_NAME = "$(TARGET_NAME)";
				SWIFT_EMIT_LOC_STRINGS = YES;
				SWIFT_VERSION = 5.0;
				TARGETED_DEVICE_FAMILY = "1,2";
			};
			name = Debug;
		};
		12F643A52A96191D00B0A40E /* Release */ = {
			isa = XCBuildConfiguration;
			buildSettings = {
				ASSETCATALOG_COMPILER_APPICON_NAME = AppIcon;
				ASSETCATALOG_COMPILER_GLOBAL_ACCENT_COLOR_NAME = AccentColor;
				CODE_SIGN_STYLE = Automatic;
				CURRENT_PROJECT_VERSION = 1;
				DEVELOPMENT_ASSET_PATHS = "\"MyBluetoothTest/Preview Content\"";
				DEVELOPMENT_TEAM = CGD79LB65H;
				ENABLE_PREVIEWS = YES;
				GENERATE_INFOPLIST_FILE = YES;
				INFOPLIST_FILE = MyBluetoothTest/Info.plist;
				INFOPLIST_KEY_NSBluetoothAlwaysUsageDescription = "アプリ内でBluetooth機能を使用するため";
				INFOPLIST_KEY_UIApplicationSceneManifest_Generation = YES;
				INFOPLIST_KEY_UIApplicationSupportsIndirectInputEvents = YES;
				INFOPLIST_KEY_UILaunchScreen_Generation = YES;
				INFOPLIST_KEY_UISupportedInterfaceOrientations_iPad = "UIInterfaceOrientationPortrait UIInterfaceOrientationPortraitUpsideDown UIInterfaceOrientationLandscapeLeft UIInterfaceOrientationLandscapeRight";
				INFOPLIST_KEY_UISupportedInterfaceOrientations_iPhone = "UIInterfaceOrientationPortrait UIInterfaceOrientationLandscapeLeft UIInterfaceOrientationLandscapeRight";
				LD_RUNPATH_SEARCH_PATHS = (
					"$(inherited)",
					"@executable_path/Frameworks",
				);
				MARKETING_VERSION = 1.0;
				PRODUCT_BUNDLE_IDENTIFIER = com.ame.MyBluetoothTest;
				PRODUCT_NAME = "$(TARGET_NAME)";
				SWIFT_EMIT_LOC_STRINGS = YES;
				SWIFT_VERSION = 5.0;
				TARGETED_DEVICE_FAMILY = "1,2";
			};
			name = Release;
		};
/* End XCBuildConfiguration section */

/* Begin XCConfigurationList section */
		12F643902A96191B00B0A40E /* Build configuration list for PBXProject "MyBluetoothTest" */ = {
			isa = XCConfigurationList;
			buildConfigurations = (
				12F643A12A96191D00B0A40E /* Debug */,
				12F643A22A96191D00B0A40E /* Release */,
			);
			defaultConfigurationIsVisible = 0;
			defaultConfigurationName = Release;
		};
		12F643A32A96191D00B0A40E /* Build configuration list for PBXNativeTarget "MyBluetoothTest" */ = {
			isa = XCConfigurationList;
			buildConfigurations = (
				12F643A42A96191D00B0A40E /* Debug */,
				12F643A52A96191D00B0A40E /* Release */,
			);
			defaultConfigurationIsVisible = 0;
			defaultConfigurationName = Release;
		};
/* End XCConfigurationList section */
	};
	rootObject = 12F6438D2A96191B00B0A40E /* Project object */;
}
